// !$*UTF8*$!
{
	archiveVersion = 1;
	classes = {
	};
	objectVersion = 46;
	objects = {

/* Begin PBXBuildFile section */
		2F55D3395AE88C2A87B86147 /* Pods_EasyMap.framework in Frameworks */ = {isa = PBXBuildFile; fileRef = B6AFC0764BEA945D25697D66 /* Pods_EasyMap.framework */; };
		BBE14A5E1EC4106D000989FA /* ViewController.swift in Sources */ = {isa = PBXBuildFile; fileRef = BBE14A5D1EC4106D000989FA /* ViewController.swift */; };
		BBE14A611EC4106D000989FA /* Main.storyboard in Resources */ = {isa = PBXBuildFile; fileRef = BBE14A5F1EC4106D000989FA /* Main.storyboard */; };
		BBE14A631EC4106D000989FA /* Assets.xcassets in Resources */ = {isa = PBXBuildFile; fileRef = BBE14A621EC4106D000989FA /* Assets.xcassets */; };
		BBE14A661EC4106D000989FA /* LaunchScreen.storyboard in Resources */ = {isa = PBXBuildFile; fileRef = BBE14A641EC4106D000989FA /* LaunchScreen.storyboard */; };
		BBE14A741EC43590000989FA /* AppDelegate.swift in Sources */ = {isa = PBXBuildFile; fileRef = BBE14A721EC43590000989FA /* AppDelegate.swift */; };
		BBE14A751EC43590000989FA /* Info.plist in Resources */ = {isa = PBXBuildFile; fileRef = BBE14A731EC43590000989FA /* Info.plist */; };
		BBE14A7A1EC43626000989FA /* Tool.swift in Sources */ = {isa = PBXBuildFile; fileRef = BBE14A791EC43626000989FA /* Tool.swift */; };
		BBE14A7C1EC43631000989FA /* Extension.swift in Sources */ = {isa = PBXBuildFile; fileRef = BBE14A7B1EC43631000989FA /* Extension.swift */; };
		BBE14A811EC43798000989FA /* BaseViewController.swift in Sources */ = {isa = PBXBuildFile; fileRef = BBE14A7D1EC43798000989FA /* BaseViewController.swift */; };
		BBE14A831EC43798000989FA /* BaseNavigationController.swift in Sources */ = {isa = PBXBuildFile; fileRef = BBE14A7F1EC43798000989FA /* BaseNavigationController.swift */; };
		BBE14A841EC43798000989FA /* BWTTabBarController.swift in Sources */ = {isa = PBXBuildFile; fileRef = BBE14A801EC43798000989FA /* BWTTabBarController.swift */; };
		BBE14A861EC43804000989FA /* UIColorConst.swift in Sources */ = {isa = PBXBuildFile; fileRef = BBE14A851EC43804000989FA /* UIColorConst.swift */; };
		BBE14A881EC439BD000989FA /* HomeVC.swift in Sources */ = {isa = PBXBuildFile; fileRef = BBE14A871EC439BD000989FA /* HomeVC.swift */; };
		BBE14A8A1EC43B04000989FA /* Macros.swift in Sources */ = {isa = PBXBuildFile; fileRef = BBE14A891EC43B04000989FA /* Macros.swift */; };
/* End PBXBuildFile section */

/* Begin PBXFileReference section */
		B54E43CAA5CE3B0E830FF3CC /* Pods-EasyMap.release.xcconfig */ = {isa = PBXFileReference; includeInIndex = 1; lastKnownFileType = text.xcconfig; name = "Pods-EasyMap.release.xcconfig"; path = "Pods/Target Support Files/Pods-EasyMap/Pods-EasyMap.release.xcconfig"; sourceTree = "<group>"; };
		B6AFC0764BEA945D25697D66 /* Pods_EasyMap.framework */ = {isa = PBXFileReference; explicitFileType = wrapper.framework; includeInIndex = 0; path = Pods_EasyMap.framework; sourceTree = BUILT_PRODUCTS_DIR; };
		BBE14A581EC4106D000989FA /* EasyMap.app */ = {isa = PBXFileReference; explicitFileType = wrapper.application; includeInIndex = 0; path = EasyMap.app; sourceTree = BUILT_PRODUCTS_DIR; };
		BBE14A5D1EC4106D000989FA /* ViewController.swift */ = {isa = PBXFileReference; lastKnownFileType = sourcecode.swift; path = ViewController.swift; sourceTree = "<group>"; };
		BBE14A601EC4106D000989FA /* Base */ = {isa = PBXFileReference; lastKnownFileType = file.storyboard; name = Base; path = Base.lproj/Main.storyboard; sourceTree = "<group>"; };
		BBE14A621EC4106D000989FA /* Assets.xcassets */ = {isa = PBXFileReference; lastKnownFileType = folder.assetcatalog; path = Assets.xcassets; sourceTree = "<group>"; };
		BBE14A651EC4106D000989FA /* Base */ = {isa = PBXFileReference; lastKnownFileType = file.storyboard; name = Base; path = Base.lproj/LaunchScreen.storyboard; sourceTree = "<group>"; };
		BBE14A6D1EC4162F000989FA /* EasyMap-Bridging-Header.h */ = {isa = PBXFileReference; lastKnownFileType = sourcecode.c.h; path = "EasyMap-Bridging-Header.h"; sourceTree = "<group>"; };
		BBE14A721EC43590000989FA /* AppDelegate.swift */ = {isa = PBXFileReference; fileEncoding = 4; lastKnownFileType = sourcecode.swift; path = AppDelegate.swift; sourceTree = "<group>"; };
		BBE14A731EC43590000989FA /* Info.plist */ = {isa = PBXFileReference; fileEncoding = 4; lastKnownFileType = text.plist.xml; path = Info.plist; sourceTree = "<group>"; };
		BBE14A791EC43626000989FA /* Tool.swift */ = {isa = PBXFileReference; fileEncoding = 4; lastKnownFileType = sourcecode.swift; path = Tool.swift; sourceTree = "<group>"; };
		BBE14A7B1EC43631000989FA /* Extension.swift */ = {isa = PBXFileReference; fileEncoding = 4; lastKnownFileType = sourcecode.swift; path = Extension.swift; sourceTree = "<group>"; };
		BBE14A7D1EC43798000989FA /* BaseViewController.swift */ = {isa = PBXFileReference; fileEncoding = 4; lastKnownFileType = sourcecode.swift; path = BaseViewController.swift; sourceTree = "<group>"; };
		BBE14A7F1EC43798000989FA /* BaseNavigationController.swift */ = {isa = PBXFileReference; fileEncoding = 4; lastKnownFileType = sourcecode.swift; path = BaseNavigationController.swift; sourceTree = "<group>"; };
		BBE14A801EC43798000989FA /* BWTTabBarController.swift */ = {isa = PBXFileReference; fileEncoding = 4; lastKnownFileType = sourcecode.swift; path = BWTTabBarController.swift; sourceTree = "<group>"; };
		BBE14A851EC43804000989FA /* UIColorConst.swift */ = {isa = PBXFileReference; fileEncoding = 4; lastKnownFileType = sourcecode.swift; path = UIColorConst.swift; sourceTree = "<group>"; };
		BBE14A871EC439BD000989FA /* HomeVC.swift */ = {isa = PBXFileReference; fileEncoding = 4; lastKnownFileType = sourcecode.swift; path = HomeVC.swift; sourceTree = "<group>"; };
		BBE14A891EC43B04000989FA /* Macros.swift */ = {isa = PBXFileReference; fileEncoding = 4; lastKnownFileType = sourcecode.swift; path = Macros.swift; sourceTree = "<group>"; };
		C21E4B814763589A83AA7314 /* Pods-EasyMap.debug.xcconfig */ = {isa = PBXFileReference; includeInIndex = 1; lastKnownFileType = text.xcconfig; name = "Pods-EasyMap.debug.xcconfig"; path = "Pods/Target Support Files/Pods-EasyMap/Pods-EasyMap.debug.xcconfig"; sourceTree = "<group>"; };
/* End PBXFileReference section */

/* Begin PBXFrameworksBuildPhase section */
		BBE14A551EC4106D000989FA /* Frameworks */ = {
			isa = PBXFrameworksBuildPhase;
			buildActionMask = 2147483647;
			files = (
				2F55D3395AE88C2A87B86147 /* Pods_EasyMap.framework in Frameworks */,
			);
			runOnlyForDeploymentPostprocessing = 0;
		};
/* End PBXFrameworksBuildPhase section */

/* Begin PBXGroup section */
		51E1E6EB9B654245E8E45F54 /* Frameworks */ = {
			isa = PBXGroup;
			children = (
				B6AFC0764BEA945D25697D66 /* Pods_EasyMap.framework */,
			);
			name = Frameworks;
			sourceTree = "<group>";
		};
		781D5061445719C1854D5FF6 /* Pods */ = {
			isa = PBXGroup;
			children = (
				C21E4B814763589A83AA7314 /* Pods-EasyMap.debug.xcconfig */,
				B54E43CAA5CE3B0E830FF3CC /* Pods-EasyMap.release.xcconfig */,
			);
			name = Pods;
			sourceTree = "<group>";
		};
		BBE14A4F1EC4106D000989FA = {
			isa = PBXGroup;
			children = (
				BBE14A5A1EC4106D000989FA /* EasyMap */,
				BBE14A591EC4106D000989FA /* Products */,
				781D5061445719C1854D5FF6 /* Pods */,
				51E1E6EB9B654245E8E45F54 /* Frameworks */,
			);
			sourceTree = "<group>";
		};
		BBE14A591EC4106D000989FA /* Products */ = {
			isa = PBXGroup;
			children = (
				BBE14A581EC4106D000989FA /* EasyMap.app */,
			);
			name = Products;
			sourceTree = "<group>";
		};
		BBE14A5A1EC4106D000989FA /* EasyMap */ = {
			isa = PBXGroup;
			children = (
				BBE14A711EC43590000989FA /* Important */,
				BBE14A761EC4359D000989FA /* Base */,
				BBE14A781EC4359D000989FA /* Home */,
				BBE14A771EC4359D000989FA /* Expand */,
				BBE14A5D1EC4106D000989FA /* ViewController.swift */,
				BBE14A5F1EC4106D000989FA /* Main.storyboard */,
				BBE14A621EC4106D000989FA /* Assets.xcassets */,
				BBE14A641EC4106D000989FA /* LaunchScreen.storyboard */,
				BBE14A6D1EC4162F000989FA /* EasyMap-Bridging-Header.h */,
			);
			path = EasyMap;
			sourceTree = "<group>";
		};
		BBE14A711EC43590000989FA /* Important */ = {
			isa = PBXGroup;
			children = (
				BBE14A721EC43590000989FA /* AppDelegate.swift */,
				BBE14A731EC43590000989FA /* Info.plist */,
			);
			path = Important;
			sourceTree = "<group>";
		};
		BBE14A761EC4359D000989FA /* Base */ = {
			isa = PBXGroup;
			children = (
				BBE14A7D1EC43798000989FA /* BaseViewController.swift */,
				BBE14A7F1EC43798000989FA /* BaseNavigationController.swift */,
				BBE14A801EC43798000989FA /* BWTTabBarController.swift */,
			);
			path = Base;
			sourceTree = "<group>";
		};
		BBE14A771EC4359D000989FA /* Expand */ = {
			isa = PBXGroup;
			children = (
				BBE14A891EC43B04000989FA /* Macros.swift */,
				BBE14A851EC43804000989FA /* UIColorConst.swift */,
				BBE14A7B1EC43631000989FA /* Extension.swift */,
				BBE14A791EC43626000989FA /* Tool.swift */,
			);
			path = Expand;
			sourceTree = "<group>";
		};
		BBE14A781EC4359D000989FA /* Home */ = {
			isa = PBXGroup;
			children = (
				BBE14A871EC439BD000989FA /* HomeVC.swift */,
			);
			path = Home;
			sourceTree = "<group>";
		};
/* End PBXGroup section */

/* Begin PBXNativeTarget section */
		BBE14A571EC4106D000989FA /* EasyMap */ = {
			isa = PBXNativeTarget;
			buildConfigurationList = BBE14A6A1EC4106D000989FA /* Build configuration list for PBXNativeTarget "EasyMap" */;
			buildPhases = (
				72304D503C764D8BE4860878 /* [CP] Check Pods Manifest.lock */,
				BBE14A541EC4106D000989FA /* Sources */,
				BBE14A551EC4106D000989FA /* Frameworks */,
				BBE14A561EC4106D000989FA /* Resources */,
				1A693D961397DABCAAB4C649 /* [CP] Embed Pods Frameworks */,
				A3D2986B4D7811A793905884 /* [CP] Copy Pods Resources */,
			);
			buildRules = (
			);
			dependencies = (
			);
			name = EasyMap;
			productName = EasyMap;
			productReference = BBE14A581EC4106D000989FA /* EasyMap.app */;
			productType = "com.apple.product-type.application";
		};
/* End PBXNativeTarget section */

/* Begin PBXProject section */
		BBE14A501EC4106D000989FA /* Project object */ = {
			isa = PBXProject;
			attributes = {
				LastSwiftUpdateCheck = 0830;
				LastUpgradeCheck = 0830;
				ORGANIZATIONNAME = com.wujh;
				TargetAttributes = {
					BBE14A571EC4106D000989FA = {
						CreatedOnToolsVersion = 8.3.2;
						DevelopmentTeam = D3JEV5MWE2;
						LastSwiftMigration = 0830;
						ProvisioningStyle = Automatic;
					};
				};
			};
			buildConfigurationList = BBE14A531EC4106D000989FA /* Build configuration list for PBXProject "EasyMap" */;
			compatibilityVersion = "Xcode 3.2";
			developmentRegion = English;
			hasScannedForEncodings = 0;
			knownRegions = (
				en,
				Base,
			);
			mainGroup = BBE14A4F1EC4106D000989FA;
			productRefGroup = BBE14A591EC4106D000989FA /* Products */;
			projectDirPath = "";
			projectRoot = "";
			targets = (
				BBE14A571EC4106D000989FA /* EasyMap */,
			);
		};
/* End PBXProject section */

/* Begin PBXResourcesBuildPhase section */
		BBE14A561EC4106D000989FA /* Resources */ = {
			isa = PBXResourcesBuildPhase;
			buildActionMask = 2147483647;
			files = (
				BBE14A751EC43590000989FA /* Info.plist in Resources */,
				BBE14A661EC4106D000989FA /* LaunchScreen.storyboard in Resources */,
				BBE14A631EC4106D000989FA /* Assets.xcassets in Resources */,
				BBE14A611EC4106D000989FA /* Main.storyboard in Resources */,
			);
			runOnlyForDeploymentPostprocessing = 0;
		};
/* End PBXResourcesBuildPhase section */

/* Begin PBXShellScriptBuildPhase section */
		1A693D961397DABCAAB4C649 /* [CP] Embed Pods Frameworks */ = {
			isa = PBXShellScriptBuildPhase;
			buildActionMask = 2147483647;
			files = (
			);
			inputPaths = (
			);
			name = "[CP] Embed Pods Frameworks";
			outputPaths = (
			);
			runOnlyForDeploymentPostprocessing = 0;
			shellPath = /bin/sh;
			shellScript = "\"${SRCROOT}/Pods/Target Support Files/Pods-EasyMap/Pods-EasyMap-frameworks.sh\"\n";
			showEnvVarsInLog = 0;
		};
		72304D503C764D8BE4860878 /* [CP] Check Pods Manifest.lock */ = {
			isa = PBXShellScriptBuildPhase;
			buildActionMask = 2147483647;
			files = (
			);
			inputPaths = (
			);
			name = "[CP] Check Pods Manifest.lock";
			outputPaths = (
			);
			runOnlyForDeploymentPostprocessing = 0;
			shellPath = /bin/sh;
			shellScript = "diff \"${PODS_ROOT}/../Podfile.lock\" \"${PODS_ROOT}/Manifest.lock\" > /dev/null\nif [ $? != 0 ] ; then\n    # print error to STDERR\n    echo \"error: The sandbox is not in sync with the Podfile.lock. Run 'pod install' or update your CocoaPods installation.\" >&2\n    exit 1\nfi\n";
			showEnvVarsInLog = 0;
		};
		A3D2986B4D7811A793905884 /* [CP] Copy Pods Resources */ = {
			isa = PBXShellScriptBuildPhase;
			buildActionMask = 2147483647;
			files = (
			);
			inputPaths = (
			);
			name = "[CP] Copy Pods Resources";
			outputPaths = (
			);
			runOnlyForDeploymentPostprocessing = 0;
			shellPath = /bin/sh;
			shellScript = "\"${SRCROOT}/Pods/Target Support Files/Pods-EasyMap/Pods-EasyMap-resources.sh\"\n";
			showEnvVarsInLog = 0;
		};
/* End PBXShellScriptBuildPhase section */

/* Begin PBXSourcesBuildPhase section */
		BBE14A541EC4106D000989FA /* Sources */ = {
			isa = PBXSourcesBuildPhase;
			buildActionMask = 2147483647;
			files = (
				BBE14A811EC43798000989FA /* BaseViewController.swift in Sources */,
				BBE14A881EC439BD000989FA /* HomeVC.swift in Sources */,
				BBE14A841EC43798000989FA /* BWTTabBarController.swift in Sources */,
				BBE14A831EC43798000989FA /* BaseNavigationController.swift in Sources */,
				BBE14A861EC43804000989FA /* UIColorConst.swift in Sources */,
				BBE14A8A1EC43B04000989FA /* Macros.swift in Sources */,
				BBE14A7A1EC43626000989FA /* Tool.swift in Sources */,
				BBE14A741EC43590000989FA /* AppDelegate.swift in Sources */,
				BBE14A5E1EC4106D000989FA /* ViewController.swift in Sources */,
				BBE14A7C1EC43631000989FA /* Extension.swift in Sources */,
			);
			runOnlyForDeploymentPostprocessing = 0;
		};
/* End PBXSourcesBuildPhase section */

/* Begin PBXVariantGroup section */
		BBE14A5F1EC4106D000989FA /* Main.storyboard */ = {
			isa = PBXVariantGroup;
			children = (
				BBE14A601EC4106D000989FA /* Base */,
			);
			name = Main.storyboard;
			sourceTree = "<group>";
		};
		BBE14A641EC4106D000989FA /* LaunchScreen.storyboard */ = {
			isa = PBXVariantGroup;
			children = (
				BBE14A651EC4106D000989FA /* Base */,
			);
			name = LaunchScreen.storyboard;
			sourceTree = "<group>";
		};
/* End PBXVariantGroup section */

/* Begin XCBuildConfiguration section */
		BBE14A681EC4106D000989FA /* Debug */ = {
			isa = XCBuildConfiguration;
			buildSettings = {
				ALWAYS_SEARCH_USER_PATHS = NO;
				CLANG_ANALYZER_NONNULL = YES;
				CLANG_ANALYZER_NUMBER_OBJECT_CONVERSION = YES_AGGRESSIVE;
				CLANG_CXX_LANGUAGE_STANDARD = "gnu++0x";
				CLANG_CXX_LIBRARY = "libc++";
				CLANG_ENABLE_MODULES = YES;
				CLANG_ENABLE_OBJC_ARC = YES;
				CLANG_WARN_BOOL_CONVERSION = YES;
				CLANG_WARN_CONSTANT_CONVERSION = YES;
				CLANG_WARN_DIRECT_OBJC_ISA_USAGE = YES_ERROR;
				CLANG_WARN_DOCUMENTATION_COMMENTS = YES;
				CLANG_WARN_EMPTY_BODY = YES;
				CLANG_WARN_ENUM_CONVERSION = YES;
				CLANG_WARN_INFINITE_RECURSION = YES;
				CLANG_WARN_INT_CONVERSION = YES;
				CLANG_WARN_OBJC_ROOT_CLASS = YES_ERROR;
				CLANG_WARN_SUSPICIOUS_MOVE = YES;
				CLANG_WARN_UNREACHABLE_CODE = YES;
				CLANG_WARN__DUPLICATE_METHOD_MATCH = YES;
				"CODE_SIGN_IDENTITY[sdk=iphoneos*]" = "iPhone Developer";
				COPY_PHASE_STRIP = NO;
				DEBUG_INFORMATION_FORMAT = dwarf;
				ENABLE_STRICT_OBJC_MSGSEND = YES;
				ENABLE_TESTABILITY = YES;
				GCC_C_LANGUAGE_STANDARD = gnu99;
				GCC_DYNAMIC_NO_PIC = NO;
				GCC_NO_COMMON_BLOCKS = YES;
				GCC_OPTIMIZATION_LEVEL = 0;
				GCC_PREPROCESSOR_DEFINITIONS = (
					"DEBUG=1",
					"$(inherited)",
				);
				GCC_WARN_64_TO_32_BIT_CONVERSION = YES;
				GCC_WARN_ABOUT_RETURN_TYPE = YES_ERROR;
				GCC_WARN_UNDECLARED_SELECTOR = YES;
				GCC_WARN_UNINITIALIZED_AUTOS = YES_AGGRESSIVE;
				GCC_WARN_UNUSED_FUNCTION = YES;
				GCC_WARN_UNUSED_VARIABLE = YES;
				IPHONEOS_DEPLOYMENT_TARGET = 10.3;
				MTL_ENABLE_DEBUG_INFO = YES;
				ONLY_ACTIVE_ARCH = YES;
				SDKROOT = iphoneos;
				SWIFT_ACTIVE_COMPILATION_CONDITIONS = DEBUG;
				SWIFT_OPTIMIZATION_LEVEL = "-Onone";
				TARGETED_DEVICE_FAMILY = "1,2";
			};
			name = Debug;
		};
		BBE14A691EC4106D000989FA /* Release */ = {
			isa = XCBuildConfiguration;
			buildSettings = {
				ALWAYS_SEARCH_USER_PATHS = NO;
				CLANG_ANALYZER_NONNULL = YES;
				CLANG_ANALYZER_NUMBER_OBJECT_CONVERSION = YES_AGGRESSIVE;
				CLANG_CXX_LANGUAGE_STANDARD = "gnu++0x";
				CLANG_CXX_LIBRARY = "libc++";
				CLANG_ENABLE_MODULES = YES;
				CLANG_ENABLE_OBJC_ARC = YES;
				CLANG_WARN_BOOL_CONVERSION = YES;
				CLANG_WARN_CONSTANT_CONVERSION = YES;
				CLANG_WARN_DIRECT_OBJC_ISA_USAGE = YES_ERROR;
				CLANG_WARN_DOCUMENTATION_COMMENTS = YES;
				CLANG_WARN_EMPTY_BODY = YES;
				CLANG_WARN_ENUM_CONVERSION = YES;
				CLANG_WARN_INFINITE_RECURSION = YES;
				CLANG_WARN_INT_CONVERSION = YES;
				CLANG_WARN_OBJC_ROOT_CLASS = YES_ERROR;
				CLANG_WARN_SUSPICIOUS_MOVE = YES;
				CLANG_WARN_UNREACHABLE_CODE = YES;
				CLANG_WARN__DUPLICATE_METHOD_MATCH = YES;
				"CODE_SIGN_IDENTITY[sdk=iphoneos*]" = "iPhone Developer";
				COPY_PHASE_STRIP = NO;
				DEBUG_INFORMATION_FORMAT = "dwarf-with-dsym";
				ENABLE_NS_ASSERTIONS = NO;
				ENABLE_STRICT_OBJC_MSGSEND = YES;
				GCC_C_LANGUAGE_STANDARD = gnu99;
				GCC_NO_COMMON_BLOCKS = YES;
				GCC_WARN_64_TO_32_BIT_CONVERSION = YES;
				GCC_WARN_ABOUT_RETURN_TYPE = YES_ERROR;
				GCC_WARN_UNDECLARED_SELECTOR = YES;
				GCC_WARN_UNINITIALIZED_AUTOS = YES_AGGRESSIVE;
				GCC_WARN_UNUSED_FUNCTION = YES;
				GCC_WARN_UNUSED_VARIABLE = YES;
				IPHONEOS_DEPLOYMENT_TARGET = 10.3;
				MTL_ENABLE_DEBUG_INFO = NO;
				SDKROOT = iphoneos;
				SWIFT_OPTIMIZATION_LEVEL = "-Owholemodule";
				TARGETED_DEVICE_FAMILY = "1,2";
				VALIDATE_PRODUCT = YES;
			};
			name = Release;
		};
		BBE14A6B1EC4106D000989FA /* Debug */ = {
			isa = XCBuildConfiguration;
			baseConfigurationReference = C21E4B814763589A83AA7314 /* Pods-EasyMap.debug.xcconfig */;
			buildSettings = {
				ASSETCATALOG_COMPILER_APPICON_NAME = AppIcon;
				CLANG_ENABLE_MODULES = YES;
				DEVELOPMENT_TEAM = D3JEV5MWE2;
				INFOPLIST_FILE = EasyMap/Important/Info.plist;
				LD_RUNPATH_SEARCH_PATHS = "$(inherited) @executable_path/Frameworks";
				PRODUCT_BUNDLE_IDENTIFIER = com.jonhory.EasyMap;
				PRODUCT_NAME = "$(TARGET_NAME)";
				SWIFT_OBJC_BRIDGING_HEADER = "EasyMap/EasyMap-Bridging-Header.h";
				SWIFT_OPTIMIZATION_LEVEL = "-Onone";
				SWIFT_VERSION = 3.0;
			};
			name = Debug;
		};
		BBE14A6C1EC4106D000989FA /* Release */ = {
			isa = XCBuildConfiguration;
			baseConfigurationReference = B54E43CAA5CE3B0E830FF3CC /* Pods-EasyMap.release.xcconfig */;
			buildSettings = {
				ASSETCATALOG_COMPILER_APPICON_NAME = AppIcon;
				CLANG_ENABLE_MODULES = YES;
				DEVELOPMENT_TEAM = D3JEV5MWE2;
				INFOPLIST_FILE = EasyMap/Important/Info.plist;
				LD_RUNPATH_SEARCH_PATHS = "$(inherited) @executable_path/Frameworks";
				PRODUCT_BUNDLE_IDENTIFIER = com.jonhory.EasyMap;
				PRODUCT_NAME = "$(TARGET_NAME)";
				SWIFT_OBJC_BRIDGING_HEADER = "EasyMap/EasyMap-Bridging-Header.h";
				SWIFT_VERSION = 3.0;
			};
			name = Release;
		};
/* End XCBuildConfiguration section */

/* Begin XCConfigurationList section */
		BBE14A531EC4106D000989FA /* Build configuration list for PBXProject "EasyMap" */ = {
			isa = XCConfigurationList;
			buildConfigurations = (
				BBE14A681EC4106D000989FA /* Debug */,
				BBE14A691EC4106D000989FA /* Release */,
			);
			defaultConfigurationIsVisible = 0;
			defaultConfigurationName = Release;
		};
		BBE14A6A1EC4106D000989FA /* Build configuration list for PBXNativeTarget "EasyMap" */ = {
			isa = XCConfigurationList;
			buildConfigurations = (
				BBE14A6B1EC4106D000989FA /* Debug */,
				BBE14A6C1EC4106D000989FA /* Release */,
			);
			defaultConfigurationIsVisible = 0;
			defaultConfigurationName = Release;
		};
/* End XCConfigurationList section */
	};
	rootObject = BBE14A501EC4106D000989FA /* Project object */;
}
